
Microsoft Visual Studio Solution File, Format Version 12.00
# Visual Studio Version 16
VisualStudioVersion = 16.0.30204.135
MinimumVisualStudioVersion = 10.0.40219.1
Project("{FAE04EC0-301F-11D3-BF4B-00C04F79EFBC}") = "MusicVideoAssignment", "MusicVideoAssignment\MusicVideoAssignment.csproj", "{A3692AC6-A25F-414E-85CD-A27D9AD15D1A}"
EndProject
Global
	GlobalSection(SolutionConfigurationPlatforms) = preSolution
		Debug|Any CPU = Debug|Any CPU
		Release|Any CPU = Release|Any CPU
	EndGlobalSection
	GlobalSection(ProjectConfigurationPlatforms) = postSolution
		{A3692AC6-A25F-414E-85CD-A27D9AD15D1A}.Debug|Any CPU.ActiveCfg = Debug|Any CPU
		{A3692AC6-A25F-414E-85CD-A27D9AD15D1A}.Debug|Any CPU.Build.0 = Debug|Any CPU
		{A3692AC6-A25F-414E-85CD-A27D9AD15D1A}.Release|Any CPU.ActiveCfg = Release|Any CPU
		{A3692AC6-A25F-414E-85CD-A27D9AD15D1A}.Release|Any CPU.Build.0 = Release|Any CPU
	EndGlobalSection
	GlobalSection(SolutionProperties) = preSolution
		HideSolutionNode = FALSE
	EndGlobalSection
	GlobalSection(ExtensibilityGlobals) = postSolution
		SolutionGuid = {177B51D5-5DAE-4224-B93C-6494B1E5D79E}
	EndGlobalSection
EndGlobal
